
Microsoft Visual Studio Solution File, Format Version 12.00
# Visual Studio Version 16
VisualStudioVersion = 16.0.31005.135
MinimumVisualStudioVersion = 10.0.40219.1
Project("{FAE04EC0-301F-11D3-BF4B-00C04F79EFBC}") = "SpecFlowProject1", "SpecFlowProject1\SpecFlowProject1.csproj", "{EE633D26-546A-4A3C-9291-CB6B5E115199}"
EndProject
Global
	GlobalSection(SolutionConfigurationPlatforms) = preSolution
		Debug|Any CPU = Debug|Any CPU
		Release|Any CPU = Release|Any CPU
	EndGlobalSection
	GlobalSection(ProjectConfigurationPlatforms) = postSolution
		{EE633D26-546A-4A3C-9291-CB6B5E115199}.Debug|Any CPU.ActiveCfg = Debug|Any CPU
		{EE633D26-546A-4A3C-9291-CB6B5E115199}.Debug|Any CPU.Build.0 = Debug|Any CPU
		{EE633D26-546A-4A3C-9291-CB6B5E115199}.Release|Any CPU.ActiveCfg = Release|Any CPU
		{EE633D26-546A-4A3C-9291-CB6B5E115199}.Release|Any CPU.Build.0 = Release|Any CPU
	EndGlobalSection
	GlobalSection(SolutionProperties) = preSolution
		HideSolutionNode = FALSE
	EndGlobalSection
	GlobalSection(ExtensibilityGlobals) = postSolution
		SolutionGuid = {AB1A9C6D-4659-4F0F-A756-92ABE1DFC0C0}
	EndGlobalSection
EndGlobal
